
Microsoft Visual Studio Solution File, Format Version 12.00
# Visual Studio Version 17
VisualStudioVersion = 17.10.35122.118
MinimumVisualStudioVersion = 10.0.40219.1
Project("{8BC9CEB8-8B4A-11D0-8D11-00A0C91BC942}") = "test_9_8", "test_9_8\test_9_8.vcxproj", "{C3FB1454-41A5-4DF7-8DA7-872C49C6A08A}"
EndProject
Global
	GlobalSection(SolutionConfigurationPlatforms) = preSolution
		Debug|x64 = Debug|x64
		Debug|x86 = Debug|x86
		Release|x64 = Release|x64
		Release|x86 = Release|x86
	EndGlobalSection
	GlobalSection(ProjectConfigurationPlatforms) = postSolution
		{C3FB1454-41A5-4DF7-8DA7-872C49C6A08A}.Debug|x64.ActiveCfg = Debug|x64
		{C3FB1454-41A5-4DF7-8DA7-872C49C6A08A}.Debug|x64.Build.0 = Debug|x64
		{C3FB1454-41A5-4DF7-8DA7-872C49C6A08A}.Debug|x86.ActiveCfg = Debug|Win32
		{C3FB1454-41A5-4DF7-8DA7-872C49C6A08A}.Debug|x86.Build.0 = Debug|Win32
		{C3FB1454-41A5-4DF7-8DA7-872C49C6A08A}.Release|x64.ActiveCfg = Release|x64
		{C3FB1454-41A5-4DF7-8DA7-872C49C6A08A}.Release|x64.Build.0 = Release|x64
		{C3FB1454-41A5-4DF7-8DA7-872C49C6A08A}.Release|x86.ActiveCfg = Release|Win32
		{C3FB1454-41A5-4DF7-8DA7-872C49C6A08A}.Release|x86.Build.0 = Release|Win32
	EndGlobalSection
	GlobalSection(SolutionProperties) = preSolution
		HideSolutionNode = FALSE
	EndGlobalSection
	GlobalSection(ExtensibilityGlobals) = postSolution
		SolutionGuid = {B326F8B2-CFFA-413D-9666-9F0C4527DEA3}
	EndGlobalSection
EndGlobal
